<?xml version="1.0" encoding="utf-8"?>
<Project ToolsVersion="4.0" xmlns="http://schemas.microsoft.com/developer/msbuild/2003">
  <ItemGroup>
    <Filter Include="源文件">
      <UniqueIdentifier>{4FC737F1-C7A5-4376-A066-2A32D752A2FF}</UniqueIdentifier>
      <Extensions>cpp;c;cc;cxx;def;odl;idl;hpj;bat;asm;asmx</Extensions>
    </Filter>
    <Filter Include="头文件">
      <UniqueIdentifier>{93995380-89BD-4b04-88EB-625FBE52EBFB}</UniqueIdentifier>
      <Extensions>h;hh;hpp;hxx;hm;inl;inc;xsd</Extensions>
    </Filter>
    <Filter Include="资源文件">
      <UniqueIdentifier>{67DA6AB6-F800-4c08-8B7A-83BB121AAD01}</UniqueIdentifier>
      <Extensions>rc;ico;cur;bmp;dlg;rc2;rct;bin;rgs;gif;jpg;jpeg;jpe;resx;tiff;tif;png;wav;mfcribbon-ms</Extensions>
    </Filter>
    <Filter Include="头文件\Lib">
      <UniqueIdentifier>{1f6caa00-4d69-45f6-9023-dc94e92d00c4}</UniqueIdentifier>
    </Filter>
    <Filter Include="头文件\Geometry">
      <UniqueIdentifier>{e7721923-52af-469d-b552-4dcecf6c9387}</UniqueIdentifier>
    </Filter>
    <Filter Include="头文件\Material">
      <UniqueIdentifier>{b67905cd-bb45-4b42-b392-99ca5013fa4d}</UniqueIdentifier>
    </Filter>
    <Filter Include="头文件\Objects">
      <UniqueIdentifier>{a5384f3c-5536-48b8-b4e1-1ce2eb1e1788}</UniqueIdentifier>
    </Filter>
    <Filter Include="源文件\Objects">
      <UniqueIdentifier>{95ea4324-c12f-49d0-ad99-f222cb84cd62}</UniqueIdentifier>
    </Filter>
    <Filter Include="源文件\Lib">
      <UniqueIdentifier>{2434db58-1a53-443c-a594-55381707017f}</UniqueIdentifier>
    </Filter>
    <Filter Include="头文件\Trace">
      <UniqueIdentifier>{66a5ed7c-ecd8-4484-bd57-4f6986fb4369}</UniqueIdentifier>
    </Filter>
    <Filter Include="源文件\Trace">
      <UniqueIdentifier>{b43c6f54-adee-483a-9c98-06ae275daf32}</UniqueIdentifier>
    </Filter>
  </ItemGroup>
  <ItemGroup>
    <ClCompile Include="Main.cpp">
      <Filter>源文件</Filter>
    </ClCompile>
    <ClCompile Include="Sphere.cpp">
      <Filter>源文件\Objects</Filter>
    </ClCompile>
    <ClCompile Include="Scene.cpp">
      <Filter>源文件</Filter>
    </ClCompile>
    <ClCompile Include="Viewer.cpp">
      <Filter>源文件</Filter>
    </ClCompile>
    <ClCompile Include="Renderer.cpp">
      <Filter>源文件</Filter>
    </ClCompile>
    <ClCompile Include="StaticConstants.cpp">
      <Filter>源文件</Filter>
    </ClCompile>
    <ClCompile Include="Plane.cpp">
      <Filter>源文件\Objects</Filter>
    </ClCompile>
    <ClCompile Include="SceneReader.cpp">
      <Filter>源文件\Lib</Filter>
    </ClCompile>
    <ClCompile Include="ObjReader.cpp">
      <Filter>源文件\Lib</Filter>
    </ClCompile>
    <ClCompile Include="Mesh.cpp">
      <Filter>源文件\Objects</Filter>
    </ClCompile>
    <ClCompile Include="Face.cpp">
      <Filter>源文件\Objects</Filter>
    </ClCompile>
    <ClCompile Include="KDTree.cpp">
      <Filter>源文件\Objects</Filter>
    </ClCompile>
    <ClCompile Include="TravelManager.cpp">
      <Filter>源文件</Filter>
    </ClCompile>
    <ClCompile Include="Utils.cpp">
      <Filter>源文件\Lib</Filter>
    </ClCompile>
    <ClCompile Include="RayTracing.cpp">
      <Filter>源文件\Trace</Filter>
    </ClCompile>
    <ClCompile Include="MonteCarloPathTracing.cpp">
      <Filter>源文件\Trace</Filter>
    </ClCompile>
    <ClCompile Include="Rect.cpp">
      <Filter>源文件\Objects</Filter>
    </ClCompile>
  </ItemGroup>
  <ItemGroup>
    <ClInclude Include="Vec3.h">
      <Filter>头文件\Geometry</Filter>
    </ClInclude>
    <ClInclude Include="Utils.h">
      <Filter>头文件\Lib</Filter>
    </ClInclude>
    <ClInclude Include="Constants.h">
      <Filter>头文件</Filter>
    </ClInclude>
    <ClInclude Include="Surface.h">
      <Filter>头文件\Material</Filter>
    </ClInclude>
    <ClInclude Include="Texture.h">
      <Filter>头文件\Material</Filter>
    </ClInclude>
    <ClInclude Include="Object.h">
      <Filter>头文件\Objects</Filter>
    </ClInclude>
    <ClInclude Include="Ray.h">
      <Filter>头文件\Geometry</Filter>
    </ClInclude>
    <ClInclude Include="Sphere.h">
      <Filter>头文件\Objects</Filter>
    </ClInclude>
    <ClInclude Include="Light.h">
      <Filter>头文件\Objects</Filter>
    </ClInclude>
    <ClInclude Include="Scene.h">
      <Filter>头文件</Filter>
    </ClInclude>
    <ClInclude Include="Renderer.h">
      <Filter>头文件</Filter>
    </ClInclude>
    <ClInclude Include="Viewer.h">
      <Filter>头文件</Filter>
    </ClInclude>
    <ClInclude Include="Geometry.h">
      <Filter>头文件\Geometry</Filter>
    </ClInclude>
    <ClInclude Include="Plane.h">
      <Filter>头文件\Objects</Filter>
    </ClInclude>
    <ClInclude Include="Timer.h">
      <Filter>头文件\Lib</Filter>
    </ClInclude>
    <ClInclude Include="Material.h">
      <Filter>头文件\Material</Filter>
    </ClInclude>
    <ClInclude Include="SceneReader.h">
      <Filter>头文件\Lib</Filter>
    </ClInclude>
    <ClInclude Include="ObjReader.h">
      <Filter>头文件\Lib</Filter>
    </ClInclude>
    <ClInclude Include="Mesh.h">
      <Filter>头文件\Objects</Filter>
    </ClInclude>
    <ClInclude Include="Face.h">
      <Filter>头文件\Objects</Filter>
    </ClInclude>
    <ClInclude Include="Tri.h">
      <Filter>头文件\Geometry</Filter>
    </ClInclude>
    <ClInclude Include="PureSphere.h">
      <Filter>头文件\Geometry</Filter>
    </ClInclude>
    <ClInclude Include="InfPlane.h">
      <Filter>头文件\Geometry</Filter>
    </ClInclude>
    <ClInclude Include="AABB.h">
      <Filter>头文件\Geometry</Filter>
    </ClInclude>
    <ClInclude Include="KDTree.h">
      <Filter>头文件\Objects</Filter>
    </ClInclude>
    <ClInclude Include="ProgressPrinter.h">
      <Filter>头文件\Lib</Filter>
    </ClInclude>
    <ClInclude Include="SplitPlane.h">
      <Filter>头文件\Geometry</Filter>
    </ClInclude>
    <ClInclude Include="TravelManager.h">
      <Filter>头文件</Filter>
    </ClInclude>
    <ClInclude Include="rapidxml.hpp">
      <Filter>头文件\Lib</Filter>
    </ClInclude>
    <ClInclude Include="rapidxml_iterators.hpp">
      <Filter>头文件\Lib</Filter>
    </ClInclude>
    <ClInclude Include="rapidxml_print.hpp">
      <Filter>头文件\Lib</Filter>
    </ClInclude>
    <ClInclude Include="rapidxml_utils.hpp">
      <Filter>头文件\Lib</Filter>
    </ClInclude>
    <ClInclude Include="TraceBase.h">
      <Filter>头文件\Trace</Filter>
    </ClInclude>
    <ClInclude Include="RayTracing.h">
      <Filter>头文件\Trace</Filter>
    </ClInclude>
    <ClInclude Include="MonteCarloPathTracing.h">
      <Filter>头文件\Trace</Filter>
    </ClInclude>
    <ClInclude Include="BRDF.h">
      <Filter>头文件\Material</Filter>
    </ClInclude>
    <ClInclude Include="Rect.h">
      <Filter>头文件\Objects</Filter>
    </ClInclude>
  </ItemGroup>
</Project>